
Microsoft Visual Studio Solution File, Format Version 12.00
# Visual Studio Version 17
VisualStudioVersion = 17.9.34723.18
MinimumVisualStudioVersion = 10.0.40219.1
Project("{FAE04EC0-301F-11D3-BF4B-00C04F79EFBC}") = "ConsoleApp6", "ConsoleApp6\ConsoleApp6.csproj", "{ACCDB7D2-AB73-4D50-B9EC-EC0E938426B6}"
EndProject
Global
	GlobalSection(SolutionConfigurationPlatforms) = preSolution
		Debug|Any CPU = Debug|Any CPU
		Release|Any CPU = Release|Any CPU
	EndGlobalSection
	GlobalSection(ProjectConfigurationPlatforms) = postSolution
		{ACCDB7D2-AB73-4D50-B9EC-EC0E938426B6}.Debug|Any CPU.ActiveCfg = Debug|Any CPU
		{ACCDB7D2-AB73-4D50-B9EC-EC0E938426B6}.Debug|Any CPU.Build.0 = Debug|Any CPU
		{ACCDB7D2-AB73-4D50-B9EC-EC0E938426B6}.Release|Any CPU.ActiveCfg = Release|Any CPU
		{ACCDB7D2-AB73-4D50-B9EC-EC0E938426B6}.Release|Any CPU.Build.0 = Release|Any CPU
	EndGlobalSection
	GlobalSection(SolutionProperties) = preSolution
		HideSolutionNode = FALSE
	EndGlobalSection
	GlobalSection(ExtensibilityGlobals) = postSolution
		SolutionGuid = {8E2F78BC-99C3-418C-9A08-817A75F21994}
	EndGlobalSection
EndGlobal
